// !$*UTF8*$!
{
	archiveVersion = 1;
	classes = {
	};
	objectVersion = 46;
	objects = {

/* Begin PBXBuildFile section */
		D7DBA58F1BB7658A00C66CBB /* main.m in Sources */ = {isa = PBXBuildFile; fileRef = D7DBA58E1BB7658A00C66CBB /* main.m */; };
		D7DBA5921BB7658A00C66CBB /* AppDelegate.m in Sources */ = {isa = PBXBuildFile; fileRef = D7DBA5911BB7658A00C66CBB /* AppDelegate.m */; };
		D7DBA5951BB7658A00C66CBB /* ViewController.m in Sources */ = {isa = PBXBuildFile; fileRef = D7DBA5941BB7658A00C66CBB /* ViewController.m */; };
		D7DBA5981BB7658A00C66CBB /* Main.storyboard in Resources */ = {isa = PBXBuildFile; fileRef = D7DBA5961BB7658A00C66CBB /* Main.storyboard */; };
		D7DBA59A1BB7658A00C66CBB /* Images.xcassets in Resources */ = {isa = PBXBuildFile; fileRef = D7DBA5991BB7658A00C66CBB /* Images.xcassets */; };
		D7DBA59D1BB7658A00C66CBB /* LaunchScreen.xib in Resources */ = {isa = PBXBuildFile; fileRef = D7DBA59B1BB7658A00C66CBB /* LaunchScreen.xib */; };
		D7DBA5A91BB7658A00C66CBB /* challenge_GitHubTests.m in Sources */ = {isa = PBXBuildFile; fileRef = D7DBA5A81BB7658A00C66CBB /* challenge_GitHubTests.m */; };
/* End PBXBuildFile section */

/* Begin PBXContainerItemProxy section */
		D7DBA5A31BB7658A00C66CBB /* PBXContainerItemProxy */ = {
			isa = PBXContainerItemProxy;
			containerPortal = D7DBA5811BB7658A00C66CBB /* Project object */;
			proxyType = 1;
			remoteGlobalIDString = D7DBA5881BB7658A00C66CBB;
			remoteInfo = "challenge GitHub";
		};
/* End PBXContainerItemProxy section */

/* Begin PBXFileReference section */
		D7DBA5891BB7658A00C66CBB /* challenge GitHub.app */ = {isa = PBXFileReference; explicitFileType = wrapper.application; includeInIndex = 0; path = "challenge GitHub.app"; sourceTree = BUILT_PRODUCTS_DIR; };
		D7DBA58D1BB7658A00C66CBB /* Info.plist */ = {isa = PBXFileReference; lastKnownFileType = text.plist.xml; path = Info.plist; sourceTree = "<group>"; };
		D7DBA58E1BB7658A00C66CBB /* main.m */ = {isa = PBXFileReference; lastKnownFileType = sourcecode.c.objc; path = main.m; sourceTree = "<group>"; };
		D7DBA5901BB7658A00C66CBB /* AppDelegate.h */ = {isa = PBXFileReference; lastKnownFileType = sourcecode.c.h; path = AppDelegate.h; sourceTree = "<group>"; };
		D7DBA5911BB7658A00C66CBB /* AppDelegate.m */ = {isa = PBXFileReference; lastKnownFileType = sourcecode.c.objc; path = AppDelegate.m; sourceTree = "<group>"; };
		D7DBA5931BB7658A00C66CBB /* ViewController.h */ = {isa = PBXFileReference; lastKnownFileType = sourcecode.c.h; path = ViewController.h; sourceTree = "<group>"; };
		D7DBA5941BB7658A00C66CBB /* ViewController.m */ = {isa = PBXFileReference; lastKnownFileType = sourcecode.c.objc; path = ViewController.m; sourceTree = "<group>"; };
		D7DBA5971BB7658A00C66CBB /* Base */ = {isa = PBXFileReference; lastKnownFileType = file.storyboard; name = Base; path = Base.lproj/Main.storyboard; sourceTree = "<group>"; };
		D7DBA5991BB7658A00C66CBB /* Images.xcassets */ = {isa = PBXFileReference; lastKnownFileType = folder.assetcatalog; path = Images.xcassets; sourceTree = "<group>"; };
		D7DBA59C1BB7658A00C66CBB /* Base */ = {isa = PBXFileReference; lastKnownFileType = file.xib; name = Base; path = Base.lproj/LaunchScreen.xib; sourceTree = "<group>"; };
		D7DBA5A21BB7658A00C66CBB /* challenge GitHubTests.xctest */ = {isa = PBXFileReference; explicitFileType = wrapper.cfbundle; includeInIndex = 0; path = "challenge GitHubTests.xctest"; sourceTree = BUILT_PRODUCTS_DIR; };
		D7DBA5A71BB7658A00C66CBB /* Info.plist */ = {isa = PBXFileReference; lastKnownFileType = text.plist.xml; path = Info.plist; sourceTree = "<group>"; };
		D7DBA5A81BB7658A00C66CBB /* challenge_GitHubTests.m */ = {isa = PBXFileReference; lastKnownFileType = sourcecode.c.objc; path = challenge_GitHubTests.m; sourceTree = "<group>"; };
/* End PBXFileReference section */

/* Begin PBXFrameworksBuildPhase section */
		D7DBA5861BB7658A00C66CBB /* Frameworks */ = {
			isa = PBXFrameworksBuildPhase;
			buildActionMask = 2147483647;
			files = (
			);
			runOnlyForDeploymentPostprocessing = 0;
		};
		D7DBA59F1BB7658A00C66CBB /* Frameworks */ = {
			isa = PBXFrameworksBuildPhase;
			buildActionMask = 2147483647;
			files = (
			);
			runOnlyForDeploymentPostprocessing = 0;
		};
/* End PBXFrameworksBuildPhase section */

/* Begin PBXGroup section */
		D7DBA5801BB7658A00C66CBB = {
			isa = PBXGroup;
			children = (
				D7DBA58B1BB7658A00C66CBB /* challenge GitHub */,
				D7DBA5A51BB7658A00C66CBB /* challenge GitHubTests */,
				D7DBA58A1BB7658A00C66CBB /* Products */,
			);
			sourceTree = "<group>";
		};
		D7DBA58A1BB7658A00C66CBB /* Products */ = {
			isa = PBXGroup;
			children = (
				D7DBA5891BB7658A00C66CBB /* challenge GitHub.app */,
				D7DBA5A21BB7658A00C66CBB /* challenge GitHubTests.xctest */,
			);
			name = Products;
			sourceTree = "<group>";
		};
		D7DBA58B1BB7658A00C66CBB /* challenge GitHub */ = {
			isa = PBXGroup;
			children = (
				D7DBA5901BB7658A00C66CBB /* AppDelegate.h */,
				D7DBA5911BB7658A00C66CBB /* AppDelegate.m */,
				D7DBA5931BB7658A00C66CBB /* ViewController.h */,
				D7DBA5941BB7658A00C66CBB /* ViewController.m */,
				D7DBA5961BB7658A00C66CBB /* Main.storyboard */,
				D7DBA5991BB7658A00C66CBB /* Images.xcassets */,
				D7DBA59B1BB7658A00C66CBB /* LaunchScreen.xib */,
				D7DBA58C1BB7658A00C66CBB /* Supporting Files */,
			);
			path = "challenge GitHub";
			sourceTree = "<group>";
		};
		D7DBA58C1BB7658A00C66CBB /* Supporting Files */ = {
			isa = PBXGroup;
			children = (
				D7DBA58D1BB7658A00C66CBB /* Info.plist */,
				D7DBA58E1BB7658A00C66CBB /* main.m */,
			);
			name = "Supporting Files";
			sourceTree = "<group>";
		};
		D7DBA5A51BB7658A00C66CBB /* challenge GitHubTests */ = {
			isa = PBXGroup;
			children = (
				D7DBA5A81BB7658A00C66CBB /* challenge_GitHubTests.m */,
				D7DBA5A61BB7658A00C66CBB /* Supporting Files */,
			);
			path = "challenge GitHubTests";
			sourceTree = "<group>";
		};
		D7DBA5A61BB7658A00C66CBB /* Supporting Files */ = {
			isa = PBXGroup;
			children = (
				D7DBA5A71BB7658A00C66CBB /* Info.plist */,
			);
			name = "Supporting Files";
			sourceTree = "<group>";
		};
/* End PBXGroup section */

/* Begin PBXNativeTarget section */
		D7DBA5881BB7658A00C66CBB /* challenge GitHub */ = {
			isa = PBXNativeTarget;
			buildConfigurationList = D7DBA5AC1BB7658A00C66CBB /* Build configuration list for PBXNativeTarget "challenge GitHub" */;
			buildPhases = (
				D7DBA5851BB7658A00C66CBB /* Sources */,
				D7DBA5861BB7658A00C66CBB /* Frameworks */,
				D7DBA5871BB7658A00C66CBB /* Resources */,
			);
			buildRules = (
			);
			dependencies = (
			);
			name = "challenge GitHub";
			productName = "challenge GitHub";
			productReference = D7DBA5891BB7658A00C66CBB /* challenge GitHub.app */;
			productType = "com.apple.product-type.application";
		};
		D7DBA5A11BB7658A00C66CBB /* challenge GitHubTests */ = {
			isa = PBXNativeTarget;
			buildConfigurationList = D7DBA5AF1BB7658A00C66CBB /* Build configuration list for PBXNativeTarget "challenge GitHubTests" */;
			buildPhases = (
				D7DBA59E1BB7658A00C66CBB /* Sources */,
				D7DBA59F1BB7658A00C66CBB /* Frameworks */,
				D7DBA5A01BB7658A00C66CBB /* Resources */,
			);
			buildRules = (
			);
			dependencies = (
				D7DBA5A41BB7658A00C66CBB /* PBXTargetDependency */,
			);
			name = "challenge GitHubTests";
			productName = "challenge GitHubTests";
			productReference = D7DBA5A21BB7658A00C66CBB /* challenge GitHubTests.xctest */;
			productType = "com.apple.product-type.bundle.unit-test";
		};
/* End PBXNativeTarget section */

/* Begin PBXProject section */
		D7DBA5811BB7658A00C66CBB /* Project object */ = {
			isa = PBXProject;
			attributes = {
				LastUpgradeCheck = 0640;
				ORGANIZATIONNAME = "Matheus Vechietin";
				TargetAttributes = {
					D7DBA5881BB7658A00C66CBB = {
						CreatedOnToolsVersion = 6.4;
					};
					D7DBA5A11BB7658A00C66CBB = {
						CreatedOnToolsVersion = 6.4;
						TestTargetID = D7DBA5881BB7658A00C66CBB;
					};
				};
			};
			buildConfigurationList = D7DBA5841BB7658A00C66CBB /* Build configuration list for PBXProject "challenge GitHub" */;
			compatibilityVersion = "Xcode 3.2";
			developmentRegion = English;
			hasScannedForEncodings = 0;
			knownRegions = (
				en,
				Base,
			);
			mainGroup = D7DBA5801BB7658A00C66CBB;
			productRefGroup = D7DBA58A1BB7658A00C66CBB /* Products */;
			projectDirPath = "";
			projectRoot = "";
			targets = (
				D7DBA5881BB7658A00C66CBB /* challenge GitHub */,
				D7DBA5A11BB7658A00C66CBB /* challenge GitHubTests */,
			);
		};
/* End PBXProject section */

/* Begin PBXResourcesBuildPhase section */
		D7DBA5871BB7658A00C66CBB /* Resources */ = {
			isa = PBXResourcesBuildPhase;
			buildActionMask = 2147483647;
			files = (
				D7DBA5981BB7658A00C66CBB /* Main.storyboard in Resources */,
				D7DBA59D1BB7658A00C66CBB /* LaunchScreen.xib in Resources */,
				D7DBA59A1BB7658A00C66CBB /* Images.xcassets in Resources */,
			);
			runOnlyForDeploymentPostprocessing = 0;
		};
		D7DBA5A01BB7658A00C66CBB /* Resources */ = {
			isa = PBXResourcesBuildPhase;
			buildActionMask = 2147483647;
			files = (
			);
			runOnlyForDeploymentPostprocessing = 0;
		};
/* End PBXResourcesBuildPhase section */

/* Begin PBXSourcesBuildPhase section */
		D7DBA5851BB7658A00C66CBB /* Sources */ = {
			isa = PBXSourcesBuildPhase;
			buildActionMask = 2147483647;
			files = (
				D7DBA5951BB7658A00C66CBB /* ViewController.m in Sources */,
				D7DBA5921BB7658A00C66CBB /* AppDelegate.m in Sources */,
				D7DBA58F1BB7658A00C66CBB /* main.m in Sources */,
			);
			runOnlyForDeploymentPostprocessing = 0;
		};
		D7DBA59E1BB7658A00C66CBB /* Sources */ = {
			isa = PBXSourcesBuildPhase;
			buildActionMask = 2147483647;
			files = (
				D7DBA5A91BB7658A00C66CBB /* challenge_GitHubTests.m in Sources */,
			);
			runOnlyForDeploymentPostprocessing = 0;
		};
/* End PBXSourcesBuildPhase section */

/* Begin PBXTargetDependency section */
		D7DBA5A41BB7658A00C66CBB /* PBXTargetDependency */ = {
			isa = PBXTargetDependency;
			target = D7DBA5881BB7658A00C66CBB /* challenge GitHub */;
			targetProxy = D7DBA5A31BB7658A00C66CBB /* PBXContainerItemProxy */;
		};
/* End PBXTargetDependency section */

/* Begin PBXVariantGroup section */
		D7DBA5961BB7658A00C66CBB /* Main.storyboard */ = {
			isa = PBXVariantGroup;
			children = (
				D7DBA5971BB7658A00C66CBB /* Base */,
			);
			name = Main.storyboard;
			sourceTree = "<group>";
		};
		D7DBA59B1BB7658A00C66CBB /* LaunchScreen.xib */ = {
			isa = PBXVariantGroup;
			children = (
				D7DBA59C1BB7658A00C66CBB /* Base */,
			);
			name = LaunchScreen.xib;
			sourceTree = "<group>";
		};
/* End PBXVariantGroup section */

/* Begin XCBuildConfiguration section */
		D7DBA5AA1BB7658A00C66CBB /* Debug */ = {
			isa = XCBuildConfiguration;
			buildSettings = {
				ALWAYS_SEARCH_USER_PATHS = NO;
				CLANG_CXX_LANGUAGE_STANDARD = "gnu++0x";
				CLANG_CXX_LIBRARY = "libc++";
				CLANG_ENABLE_MODULES = YES;
				CLANG_ENABLE_OBJC_ARC = YES;
				CLANG_WARN_BOOL_CONVERSION = YES;
				CLANG_WARN_CONSTANT_CONVERSION = YES;
				CLANG_WARN_DIRECT_OBJC_ISA_USAGE = YES_ERROR;
				CLANG_WARN_EMPTY_BODY = YES;
				CLANG_WARN_ENUM_CONVERSION = YES;
				CLANG_WARN_INT_CONVERSION = YES;
				CLANG_WARN_OBJC_ROOT_CLASS = YES_ERROR;
				CLANG_WARN_UNREACHABLE_CODE = YES;
				CLANG_WARN__DUPLICATE_METHOD_MATCH = YES;
				"CODE_SIGN_IDENTITY[sdk=iphoneos*]" = "iPhone Developer";
				COPY_PHASE_STRIP = NO;
				DEBUG_INFORMATION_FORMAT = "dwarf-with-dsym";
				ENABLE_STRICT_OBJC_MSGSEND = YES;
				GCC_C_LANGUAGE_STANDARD = gnu99;
				GCC_DYNAMIC_NO_PIC = NO;
				GCC_NO_COMMON_BLOCKS = YES;
				GCC_OPTIMIZATION_LEVEL = 0;
				GCC_PREPROCESSOR_DEFINITIONS = (
					"DEBUG=1",
					"$(inherited)",
				);
				GCC_SYMBOLS_PRIVATE_EXTERN = NO;
				GCC_WARN_64_TO_32_BIT_CONVERSION = YES;
				GCC_WARN_ABOUT_RETURN_TYPE = YES_ERROR;
				GCC_WARN_UNDECLARED_SELECTOR = YES;
				GCC_WARN_UNINITIALIZED_AUTOS = YES_AGGRESSIVE;
				GCC_WARN_UNUSED_FUNCTION = YES;
				GCC_WARN_UNUSED_VARIABLE = YES;
				IPHONEOS_DEPLOYMENT_TARGET = 8.4;
				MTL_ENABLE_DEBUG_INFO = YES;
				ONLY_ACTIVE_ARCH = YES;
				SDKROOT = iphoneos;
				TARGETED_DEVICE_FAMILY = "1,2";
			};
			name = Debug;
		};
		D7DBA5AB1BB7658A00C66CBB /* Release */ = {
			isa = XCBuildConfiguration;
			buildSettings = {
				ALWAYS_SEARCH_USER_PATHS = NO;
				CLANG_CXX_LANGUAGE_STANDARD = "gnu++0x";
				CLANG_CXX_LIBRARY = "libc++";
				CLANG_ENABLE_MODULES = YES;
				CLANG_ENABLE_OBJC_ARC = YES;
				CLANG_WARN_BOOL_CONVERSION = YES;
				CLANG_WARN_CONSTANT_CONVERSION = YES;
				CLANG_WARN_DIRECT_OBJC_ISA_USAGE = YES_ERROR;
				CLANG_WARN_EMPTY_BODY = YES;
				CLANG_WARN_ENUM_CONVERSION = YES;
				CLANG_WARN_INT_CONVERSION = YES;
				CLANG_WARN_OBJC_ROOT_CLASS = YES_ERROR;
				CLANG_WARN_UNREACHABLE_CODE = YES;
				CLANG_WARN__DUPLICATE_METHOD_MATCH = YES;
				"CODE_SIGN_IDENTITY[sdk=iphoneos*]" = "iPhone Developer";
				COPY_PHASE_STRIP = NO;
				DEBUG_INFORMATION_FORMAT = "dwarf-with-dsym";
				ENABLE_NS_ASSERTIONS = NO;
				ENABLE_STRICT_OBJC_MSGSEND = YES;
				GCC_C_LANGUAGE_STANDARD = gnu99;
				GCC_NO_COMMON_BLOCKS = YES;
				GCC_WARN_64_TO_32_BIT_CONVERSION = YES;
				GCC_WARN_ABOUT_RETURN_TYPE = YES_ERROR;
				GCC_WARN_UNDECLARED_SELECTOR = YES;
				GCC_WARN_UNINITIALIZED_AUTOS = YES_AGGRESSIVE;
				GCC_WARN_UNUSED_FUNCTION = YES;
				GCC_WARN_UNUSED_VARIABLE = YES;
				IPHONEOS_DEPLOYMENT_TARGET = 8.4;
				MTL_ENABLE_DEBUG_INFO = NO;
				SDKROOT = iphoneos;
				TARGETED_DEVICE_FAMILY = "1,2";
				VALIDATE_PRODUCT = YES;
			};
			name = Release;
		};
		D7DBA5AD1BB7658A00C66CBB /* Debug */ = {
			isa = XCBuildConfiguration;
			buildSettings = {
				ASSETCATALOG_COMPILER_APPICON_NAME = AppIcon;
				INFOPLIST_FILE = "challenge GitHub/Info.plist";
				LD_RUNPATH_SEARCH_PATHS = "$(inherited) @executable_path/Frameworks";
				PRODUCT_NAME = "$(TARGET_NAME)";
			};
			name = Debug;
		};
		D7DBA5AE1BB7658A00C66CBB /* Release */ = {
			isa = XCBuildConfiguration;
			buildSettings = {
				ASSETCATALOG_COMPILER_APPICON_NAME = AppIcon;
				INFOPLIST_FILE = "challenge GitHub/Info.plist";
				LD_RUNPATH_SEARCH_PATHS = "$(inherited) @executable_path/Frameworks";
				PRODUCT_NAME = "$(TARGET_NAME)";
			};
			name = Release;
		};
		D7DBA5B01BB7658A00C66CBB /* Debug */ = {
			isa = XCBuildConfiguration;
			buildSettings = {
				BUNDLE_LOADER = "$(TEST_HOST)";
				FRAMEWORK_SEARCH_PATHS = (
					"$(SDKROOT)/Developer/Library/Frameworks",
					"$(inherited)",
				);
				GCC_PREPROCESSOR_DEFINITIONS = (
					"DEBUG=1",
					"$(inherited)",
				);
				INFOPLIST_FILE = "challenge GitHubTests/Info.plist";
				LD_RUNPATH_SEARCH_PATHS = "$(inherited) @executable_path/Frameworks @loader_path/Frameworks";
				PRODUCT_NAME = "$(TARGET_NAME)";
				TEST_HOST = "$(BUILT_PRODUCTS_DIR)/challenge GitHub.app/challenge GitHub";
			};
			name = Debug;
		};
		D7DBA5B11BB7658A00C66CBB /* Release */ = {
			isa = XCBuildConfiguration;
			buildSettings = {
				BUNDLE_LOADER = "$(TEST_HOST)";
				FRAMEWORK_SEARCH_PATHS = (
					"$(SDKROOT)/Developer/Library/Frameworks",
					"$(inherited)",
				);
				INFOPLIST_FILE = "challenge GitHubTests/Info.plist";
				LD_RUNPATH_SEARCH_PATHS = "$(inherited) @executable_path/Frameworks @loader_path/Frameworks";
				PRODUCT_NAME = "$(TARGET_NAME)";
				TEST_HOST = "$(BUILT_PRODUCTS_DIR)/challenge GitHub.app/challenge GitHub";
			};
			name = Release;
		};
/* End XCBuildConfiguration section */

/* Begin XCConfigurationList section */
		D7DBA5841BB7658A00C66CBB /* Build configuration list for PBXProject "challenge GitHub" */ = {
			isa = XCConfigurationList;
			buildConfigurations = (
				D7DBA5AA1BB7658A00C66CBB /* Debug */,
				D7DBA5AB1BB7658A00C66CBB /* Release */,
			);
			defaultConfigurationIsVisible = 0;
			defaultConfigurationName = Release;
		};
		D7DBA5AC1BB7658A00C66CBB /* Build configuration list for PBXNativeTarget "challenge GitHub" */ = {
			isa = XCConfigurationList;
			buildConfigurations = (
				D7DBA5AD1BB7658A00C66CBB /* Debug */,
				D7DBA5AE1BB7658A00C66CBB /* Release */,
			);
			defaultConfigurationIsVisible = 0;
		};
		D7DBA5AF1BB7658A00C66CBB /* Build configuration list for PBXNativeTarget "challenge GitHubTests" */ = {
			isa = XCConfigurationList;
			buildConfigurations = (
				D7DBA5B01BB7658A00C66CBB /* Debug */,
				D7DBA5B11BB7658A00C66CBB /* Release */,
			);
			defaultConfigurationIsVisible = 0;
		};
/* End XCConfigurationList section */
	};
	rootObject = D7DBA5811BB7658A00C66CBB /* Project object */;
}
